
Microsoft Visual Studio Solution File, Format Version 12.00
# Visual Studio Version 17
VisualStudioVersion = 17.4.33110.190
MinimumVisualStudioVersion = 10.0.40219.1
Project("{9A19103F-16F7-4668-BE54-9A1E7A4F7556}") = "RawDealDb.Core", "RawDealDb.Core\RawDealDb.Core.csproj", "{94895F63-ECCC-4FBB-A361-1DC1903D0F28}"
EndProject
Project("{9A19103F-16F7-4668-BE54-9A1E7A4F7556}") = "RawDealDb.Infrastructure", "RawDealDb.Infrastructure\RawDealDb.Infrastructure.csproj", "{1DEBD9FC-7D2E-4BD8-B51E-65D94A75CC5F}"
EndProject
Project("{9A19103F-16F7-4668-BE54-9A1E7A4F7556}") = "RawDealDb.Tools", "RawDealDb.Tools\RawDealDb.Tools.csproj", "{13F64DB3-E72E-4C12-B2DD-F432410084BF}"
EndProject
Project("{9A19103F-16F7-4668-BE54-9A1E7A4F7556}") = "RawDealDb.UnitTest", "tests\RawDealDb.UnitTest\RawDealDb.UnitTest.csproj", "{5C7FF3F0-B2AE-44D5-815C-097BB357970B}"
EndProject
Project("{9A19103F-16F7-4668-BE54-9A1E7A4F7556}") = "RawDealDb.UI", "RawDealDb.UI\RawDealDb.UI.csproj", "{72968E9F-D568-4D51-8858-FD6A93A08252}"
EndProject
Global
	GlobalSection(SolutionConfigurationPlatforms) = preSolution
		Debug|Any CPU = Debug|Any CPU
		Release|Any CPU = Release|Any CPU
	EndGlobalSection
	GlobalSection(ProjectConfigurationPlatforms) = postSolution
		{94895F63-ECCC-4FBB-A361-1DC1903D0F28}.Debug|Any CPU.ActiveCfg = Debug|Any CPU
		{94895F63-ECCC-4FBB-A361-1DC1903D0F28}.Debug|Any CPU.Build.0 = Debug|Any CPU
		{94895F63-ECCC-4FBB-A361-1DC1903D0F28}.Release|Any CPU.ActiveCfg = Release|Any CPU
		{94895F63-ECCC-4FBB-A361-1DC1903D0F28}.Release|Any CPU.Build.0 = Release|Any CPU
		{1DEBD9FC-7D2E-4BD8-B51E-65D94A75CC5F}.Debug|Any CPU.ActiveCfg = Debug|Any CPU
		{1DEBD9FC-7D2E-4BD8-B51E-65D94A75CC5F}.Debug|Any CPU.Build.0 = Debug|Any CPU
		{1DEBD9FC-7D2E-4BD8-B51E-65D94A75CC5F}.Release|Any CPU.ActiveCfg = Release|Any CPU
		{1DEBD9FC-7D2E-4BD8-B51E-65D94A75CC5F}.Release|Any CPU.Build.0 = Release|Any CPU
		{13F64DB3-E72E-4C12-B2DD-F432410084BF}.Debug|Any CPU.ActiveCfg = Debug|Any CPU
		{13F64DB3-E72E-4C12-B2DD-F432410084BF}.Debug|Any CPU.Build.0 = Debug|Any CPU
		{13F64DB3-E72E-4C12-B2DD-F432410084BF}.Release|Any CPU.ActiveCfg = Release|Any CPU
		{13F64DB3-E72E-4C12-B2DD-F432410084BF}.Release|Any CPU.Build.0 = Release|Any CPU
		{5C7FF3F0-B2AE-44D5-815C-097BB357970B}.Debug|Any CPU.ActiveCfg = Debug|Any CPU
		{5C7FF3F0-B2AE-44D5-815C-097BB357970B}.Debug|Any CPU.Build.0 = Debug|Any CPU
		{5C7FF3F0-B2AE-44D5-815C-097BB357970B}.Release|Any CPU.ActiveCfg = Release|Any CPU
		{5C7FF3F0-B2AE-44D5-815C-097BB357970B}.Release|Any CPU.Build.0 = Release|Any CPU
		{72968E9F-D568-4D51-8858-FD6A93A08252}.Debug|Any CPU.ActiveCfg = Debug|Any CPU
		{72968E9F-D568-4D51-8858-FD6A93A08252}.Debug|Any CPU.Build.0 = Debug|Any CPU
		{72968E9F-D568-4D51-8858-FD6A93A08252}.Release|Any CPU.ActiveCfg = Release|Any CPU
		{72968E9F-D568-4D51-8858-FD6A93A08252}.Release|Any CPU.Build.0 = Release|Any CPU
	EndGlobalSection
	GlobalSection(SolutionProperties) = preSolution
		HideSolutionNode = FALSE
	EndGlobalSection
	GlobalSection(ExtensibilityGlobals) = postSolution
		SolutionGuid = {59CDFBD1-4476-4D22-AC6A-38FE6CEF9D50}
	EndGlobalSection
EndGlobal
